{
  "name": "crimboscript",
  "version": "1.0.0",
  "lockfileVersion": 3,
  "requires": true,
  "packages": {
    "": {
      "name": "crimboscript",
      "version": "1.0.0",
      "license": "ISC",
      "dependencies": {
        "kolmafia": "^5.28466.0",
        "libram": "^0.10.10"
      },
      "engines": {
        "node": ">=22.13.0"
      }
    },
    "node_modules/html-entities": {
      "version": "2.5.3",
      "resolved": "https://registry.npmjs.org/html-entities/-/html-entities-2.5.3.tgz",
      "integrity": "sha512-D3AfvN7SjhTgBSA8L1BN4FpPzuEd06uy4lHwSoRWr0lndi9BKaNzPLKGOWZ2ocSGguozr08TTb2jhCLHaemruw==",
      "funding": [
        {
          "type": "github",
          "url": "https://github.com/sponsors/mdevils"
        },
        {
          "type": "patreon",
          "url": "https://patreon.com/mdevils"
        }
      ],
      "license": "MIT"
    },
    "node_modules/kolmafia": {
      "version": "5.28466.0",
      "resolved": "https://registry.npmjs.org/kolmafia/-/kolmafia-5.28466.0.tgz",
      "integrity": "sha512-qBkgwHABs2RiVF9JjOo94SNYkz1xvNY7DTckyMeCVckOCRlT+Ge6uPZ8DLAqh6zXUR5yJQl4Js5NUeeMRBvxzQ==",
      "license": "MIT"
    },
    "node_modules/libram": {
      "version": "0.10.10",
      "resolved": "https://registry.npmjs.org/libram/-/libram-0.10.10.tgz",
      "integrity": "sha512-Qi+BSFOYH0EvQZ9CdIRr1IhraI2dKOx7gKmaDclGXrfkj8sIMckGcKtPQooRAfrzbLN1EYawTwby9Tp0mhboTw==",
      "license": "MIT",
      "dependencies": {
        "html-entities": "^2.5.2"
      },
      "peerDependencies": {
        "kolmafia": "^5.28100.0"
      }
    }
  }
}
